
Microsoft Visual Studio Solution File, Format Version 12.00
# Visual Studio Version 17
VisualStudioVersion = 17.2.32602.215
MinimumVisualStudioVersion = 10.0.40219.1
Project("{FAE04EC0-301F-11D3-BF4B-00C04F79EFBC}") = "AbstractArithLib", "AbstractArithLib\AbstractArithLib.csproj", "{3CDF5756-B25D-454E-9568-99BB0548EFD9}"
EndProject
Global
	GlobalSection(SolutionConfigurationPlatforms) = preSolution
		Debug|Any CPU = Debug|Any CPU
		Release|Any CPU = Release|Any CPU
	EndGlobalSection
	GlobalSection(ProjectConfigurationPlatforms) = postSolution
		{3CDF5756-B25D-454E-9568-99BB0548EFD9}.Debug|Any CPU.ActiveCfg = Debug|Any CPU
		{3CDF5756-B25D-454E-9568-99BB0548EFD9}.Debug|Any CPU.Build.0 = Debug|Any CPU
		{3CDF5756-B25D-454E-9568-99BB0548EFD9}.Release|Any CPU.ActiveCfg = Release|Any CPU
		{3CDF5756-B25D-454E-9568-99BB0548EFD9}.Release|Any CPU.Build.0 = Release|Any CPU
	EndGlobalSection
	GlobalSection(SolutionProperties) = preSolution
		HideSolutionNode = FALSE
	EndGlobalSection
	GlobalSection(ExtensibilityGlobals) = postSolution
		SolutionGuid = {BAD9B36A-6F61-46D6-901C-92052E9DA871}
	EndGlobalSection
EndGlobal
